
Microsoft Visual Studio Solution File, Format Version 12.00
# Visual Studio 15
VisualStudioVersion = 15.0.28307.1209
MinimumVisualStudioVersion = 10.0.40219.1
Project("{FAE04EC0-301F-11D3-BF4B-00C04F79EFBC}") = "Storefront.UI.MVC", "Storefront.UI.MVC\Storefront.UI.MVC.csproj", "{CD2E9945-30E1-4C2C-90B1-1C92CF040899}"
EndProject
Project("{FAE04EC0-301F-11D3-BF4B-00C04F79EFBC}") = "StoreFront.DATA.EF", "StoreFront.DATA.EF\StoreFront.DATA.EF.csproj", "{29C3BDCD-B89F-4E2C-B1D1-5C3FC5F8EA98}"
EndProject
Global
	GlobalSection(SolutionConfigurationPlatforms) = preSolution
		Debug|Any CPU = Debug|Any CPU
		Release|Any CPU = Release|Any CPU
	EndGlobalSection
	GlobalSection(ProjectConfigurationPlatforms) = postSolution
		{CD2E9945-30E1-4C2C-90B1-1C92CF040899}.Debug|Any CPU.ActiveCfg = Debug|Any CPU
		{CD2E9945-30E1-4C2C-90B1-1C92CF040899}.Debug|Any CPU.Build.0 = Debug|Any CPU
		{CD2E9945-30E1-4C2C-90B1-1C92CF040899}.Release|Any CPU.ActiveCfg = Release|Any CPU
		{CD2E9945-30E1-4C2C-90B1-1C92CF040899}.Release|Any CPU.Build.0 = Release|Any CPU
		{29C3BDCD-B89F-4E2C-B1D1-5C3FC5F8EA98}.Debug|Any CPU.ActiveCfg = Debug|Any CPU
		{29C3BDCD-B89F-4E2C-B1D1-5C3FC5F8EA98}.Debug|Any CPU.Build.0 = Debug|Any CPU
		{29C3BDCD-B89F-4E2C-B1D1-5C3FC5F8EA98}.Release|Any CPU.ActiveCfg = Release|Any CPU
		{29C3BDCD-B89F-4E2C-B1D1-5C3FC5F8EA98}.Release|Any CPU.Build.0 = Release|Any CPU
	EndGlobalSection
	GlobalSection(SolutionProperties) = preSolution
		HideSolutionNode = FALSE
	EndGlobalSection
	GlobalSection(ExtensibilityGlobals) = postSolution
		SolutionGuid = {F8D82ABF-46E3-416C-8416-84730DC975F9}
	EndGlobalSection
EndGlobal
